
Microsoft Visual Studio Solution File, Format Version 12.00
# Visual Studio Version 17
VisualStudioVersion = 17.10.35122.118
MinimumVisualStudioVersion = 10.0.40219.1
Project("{9A19103F-16F7-4668-BE54-9A1E7A4F7556}") = "MonsterTournament", "MonsterTournament\MonsterTournament.csproj", "{714531A2-4153-4428-ACE1-B94DCFDCA79E}"
EndProject
Global
	GlobalSection(SolutionConfigurationPlatforms) = preSolution
		Debug|Any CPU = Debug|Any CPU
		Release|Any CPU = Release|Any CPU
	EndGlobalSection
	GlobalSection(ProjectConfigurationPlatforms) = postSolution
		{714531A2-4153-4428-ACE1-B94DCFDCA79E}.Debug|Any CPU.ActiveCfg = Debug|Any CPU
		{714531A2-4153-4428-ACE1-B94DCFDCA79E}.Debug|Any CPU.Build.0 = Debug|Any CPU
		{714531A2-4153-4428-ACE1-B94DCFDCA79E}.Release|Any CPU.ActiveCfg = Release|Any CPU
		{714531A2-4153-4428-ACE1-B94DCFDCA79E}.Release|Any CPU.Build.0 = Release|Any CPU
	EndGlobalSection
	GlobalSection(SolutionProperties) = preSolution
		HideSolutionNode = FALSE
	EndGlobalSection
	GlobalSection(ExtensibilityGlobals) = postSolution
		SolutionGuid = {89F9E3F2-EFFD-43FF-8EFE-21B893D9A7BC}
	EndGlobalSection
EndGlobal
